
Microsoft Visual Studio Solution File, Format Version 12.00
# Visual Studio Version 17
VisualStudioVersion = 17.13.35828.75 d17.13
MinimumVisualStudioVersion = 10.0.40219.1
Project("{54A90642-561A-4BB1-A94E-469ADEE60C69}") = "day2task.client", "day2task.client\day2task.client.esproj", "{409EC80E-A554-4E6B-0524-EDD0DA0F689B}"
EndProject
Project("{FAE04EC0-301F-11D3-BF4B-00C04F79EFBC}") = "Day2Task.Server", "Day2Task.Server\Day2Task.Server.csproj", "{C9743996-A2F7-4CDC-BE18-BABB4C37A23E}"
EndProject
Global
	GlobalSection(SolutionConfigurationPlatforms) = preSolution
		Debug|Any CPU = Debug|Any CPU
		Release|Any CPU = Release|Any CPU
	EndGlobalSection
	GlobalSection(ProjectConfigurationPlatforms) = postSolution
		{409EC80E-A554-4E6B-0524-EDD0DA0F689B}.Debug|Any CPU.ActiveCfg = Debug|Any CPU
		{409EC80E-A554-4E6B-0524-EDD0DA0F689B}.Debug|Any CPU.Build.0 = Debug|Any CPU
		{409EC80E-A554-4E6B-0524-EDD0DA0F689B}.Debug|Any CPU.Deploy.0 = Debug|Any CPU
		{409EC80E-A554-4E6B-0524-EDD0DA0F689B}.Release|Any CPU.ActiveCfg = Release|Any CPU
		{409EC80E-A554-4E6B-0524-EDD0DA0F689B}.Release|Any CPU.Build.0 = Release|Any CPU
		{409EC80E-A554-4E6B-0524-EDD0DA0F689B}.Release|Any CPU.Deploy.0 = Release|Any CPU
		{C9743996-A2F7-4CDC-BE18-BABB4C37A23E}.Debug|Any CPU.ActiveCfg = Debug|Any CPU
		{C9743996-A2F7-4CDC-BE18-BABB4C37A23E}.Debug|Any CPU.Build.0 = Debug|Any CPU
		{C9743996-A2F7-4CDC-BE18-BABB4C37A23E}.Release|Any CPU.ActiveCfg = Release|Any CPU
		{C9743996-A2F7-4CDC-BE18-BABB4C37A23E}.Release|Any CPU.Build.0 = Release|Any CPU
	EndGlobalSection
	GlobalSection(SolutionProperties) = preSolution
		HideSolutionNode = FALSE
	EndGlobalSection
	GlobalSection(ExtensibilityGlobals) = postSolution
		SolutionGuid = {3D9EAC2A-F9AD-4716-8D5D-54CD77283F04}
	EndGlobalSection
EndGlobal
