
Microsoft Visual Studio Solution File, Format Version 12.00
# Visual Studio Version 17
VisualStudioVersion = 17.13.35828.75 d17.13
MinimumVisualStudioVersion = 10.0.40219.1
Project("{54A90642-561A-4BB1-A94E-469ADEE60C69}") = "forfun.client", "forfun.client\forfun.client.esproj", "{F2600A25-3CBE-C773-F2F1-64BA08615EC8}"
EndProject
Project("{FAE04EC0-301F-11D3-BF4B-00C04F79EFBC}") = "forFun.Server", "forFun.Server\forFun.Server.csproj", "{2B578C62-A0C1-4036-A2D1-44CCC90E9709}"
EndProject
Global
	GlobalSection(SolutionConfigurationPlatforms) = preSolution
		Debug|Any CPU = Debug|Any CPU
		Release|Any CPU = Release|Any CPU
	EndGlobalSection
	GlobalSection(ProjectConfigurationPlatforms) = postSolution
		{F2600A25-3CBE-C773-F2F1-64BA08615EC8}.Debug|Any CPU.ActiveCfg = Debug|Any CPU
		{F2600A25-3CBE-C773-F2F1-64BA08615EC8}.Debug|Any CPU.Build.0 = Debug|Any CPU
		{F2600A25-3CBE-C773-F2F1-64BA08615EC8}.Debug|Any CPU.Deploy.0 = Debug|Any CPU
		{F2600A25-3CBE-C773-F2F1-64BA08615EC8}.Release|Any CPU.ActiveCfg = Release|Any CPU
		{F2600A25-3CBE-C773-F2F1-64BA08615EC8}.Release|Any CPU.Build.0 = Release|Any CPU
		{F2600A25-3CBE-C773-F2F1-64BA08615EC8}.Release|Any CPU.Deploy.0 = Release|Any CPU
		{2B578C62-A0C1-4036-A2D1-44CCC90E9709}.Debug|Any CPU.ActiveCfg = Debug|Any CPU
		{2B578C62-A0C1-4036-A2D1-44CCC90E9709}.Debug|Any CPU.Build.0 = Debug|Any CPU
		{2B578C62-A0C1-4036-A2D1-44CCC90E9709}.Release|Any CPU.ActiveCfg = Release|Any CPU
		{2B578C62-A0C1-4036-A2D1-44CCC90E9709}.Release|Any CPU.Build.0 = Release|Any CPU
	EndGlobalSection
	GlobalSection(SolutionProperties) = preSolution
		HideSolutionNode = FALSE
	EndGlobalSection
	GlobalSection(ExtensibilityGlobals) = postSolution
		SolutionGuid = {0BA29F3B-C50E-41D2-8386-B8220EC52365}
	EndGlobalSection
EndGlobal
